schema: '2.0'
stages:
  make_dataset:
    cmd: python .\src\data\make_dataset.py .\data\raw\train.csv
    deps:
    - path: .\data\raw\train.csv
      hash: md5
      md5: e59c291a4b1c640f1dab33b89daa22e1
      size: 200589097
    - path: .\src\data\make_dataset.py
      hash: md5
      md5: ee503985771d1dd10c514c5bc83658f8
      size: 2240
    params:
      params.yaml:
        make_dataset.seed: 42
        make_dataset.test_size: 0.3
  build_features:
    cmd: python .\src\features\build_features.py .\data\interim\train.csv .\data\interim\test.csv
    deps:
    - path: .\data\interim\test.csv
      hash: md5
      md5: a2b09d2863fc140388feda220dd44fb8
      size: 51873834
    - path: .\data\interim\train.csv
      hash: md5
      md5: 06b7c0c0701f4e04264a3142a150139c
      size: 121040337
    - path: .\src\features\build_features.py
      hash: md5
      md5: f55d63820011de5f68b841bfc7efa106
      size: 465
